
Microsoft Visual Studio Solution File, Format Version 12.00
# Visual Studio Version 17
VisualStudioVersion = 17.11.35222.181
MinimumVisualStudioVersion = 10.0.40219.1
Project("{FAE04EC0-301F-11D3-BF4B-00C04F79EFBC}") = "NumMethodsLab3", "NumMethodsLab3\NumMethodsLab3.csproj", "{4562E1C9-7316-40E5-9672-02B76633FF49}"
EndProject
Global
	GlobalSection(SolutionConfigurationPlatforms) = preSolution
		Debug|Any CPU = Debug|Any CPU
		Release|Any CPU = Release|Any CPU
	EndGlobalSection
	GlobalSection(ProjectConfigurationPlatforms) = postSolution
		{4562E1C9-7316-40E5-9672-02B76633FF49}.Debug|Any CPU.ActiveCfg = Debug|Any CPU
		{4562E1C9-7316-40E5-9672-02B76633FF49}.Debug|Any CPU.Build.0 = Debug|Any CPU
		{4562E1C9-7316-40E5-9672-02B76633FF49}.Release|Any CPU.ActiveCfg = Release|Any CPU
		{4562E1C9-7316-40E5-9672-02B76633FF49}.Release|Any CPU.Build.0 = Release|Any CPU
	EndGlobalSection
	GlobalSection(SolutionProperties) = preSolution
		HideSolutionNode = FALSE
	EndGlobalSection
	GlobalSection(ExtensibilityGlobals) = postSolution
		SolutionGuid = {12B88A18-2AF4-40A0-9F44-1E1035F2E4D8}
	EndGlobalSection
EndGlobal
